
Microsoft Visual Studio Solution File, Format Version 12.00
# Visual Studio 15
VisualStudioVersion = 15.0.28307.168
MinimumVisualStudioVersion = 10.0.40219.1
Project("{FAE04EC0-301F-11D3-BF4B-00C04F79EFBC}") = "AzureTableStorage.Emulator.InMemory", "AzureTableStorage.Emulator.InMemory\AzureTableStorage.Emulator.InMemory.csproj", "{2919BBC1-4E0A-4387-ADBA-C38A269D8074}"
EndProject
Project("{FAE04EC0-301F-11D3-BF4B-00C04F79EFBC}") = "AzureTableStorage.Emulator.InMemory.Tests", "AzureTableStorage.Emulator.InMemory.Tests\AzureTableStorage.Emulator.InMemory.Tests.csproj", "{020CA3BC-7F31-475B-BB79-959EF11F1779}"
EndProject
Global
	GlobalSection(SolutionConfigurationPlatforms) = preSolution
		Debug|Any CPU = Debug|Any CPU
		Release|Any CPU = Release|Any CPU
	EndGlobalSection
	GlobalSection(ProjectConfigurationPlatforms) = postSolution
		{2919BBC1-4E0A-4387-ADBA-C38A269D8074}.Debug|Any CPU.ActiveCfg = Debug|Any CPU
		{2919BBC1-4E0A-4387-ADBA-C38A269D8074}.Debug|Any CPU.Build.0 = Debug|Any CPU
		{2919BBC1-4E0A-4387-ADBA-C38A269D8074}.Release|Any CPU.ActiveCfg = Release|Any CPU
		{2919BBC1-4E0A-4387-ADBA-C38A269D8074}.Release|Any CPU.Build.0 = Release|Any CPU
		{020CA3BC-7F31-475B-BB79-959EF11F1779}.Debug|Any CPU.ActiveCfg = Debug|Any CPU
		{020CA3BC-7F31-475B-BB79-959EF11F1779}.Debug|Any CPU.Build.0 = Debug|Any CPU
		{020CA3BC-7F31-475B-BB79-959EF11F1779}.Release|Any CPU.ActiveCfg = Release|Any CPU
		{020CA3BC-7F31-475B-BB79-959EF11F1779}.Release|Any CPU.Build.0 = Release|Any CPU
	EndGlobalSection
	GlobalSection(SolutionProperties) = preSolution
		HideSolutionNode = FALSE
	EndGlobalSection
	GlobalSection(ExtensibilityGlobals) = postSolution
		SolutionGuid = {88AB6F45-DF96-4FC6-936D-0231805493B6}
	EndGlobalSection
EndGlobal
